<?xml version="1.0" encoding="utf-8"?>
<Project ToolsVersion="4.0" xmlns="http://schemas.microsoft.com/developer/msbuild/2003">
  <ItemGroup>
    <Filter Include="Source Files">
      <UniqueIdentifier>{4FC737F1-C7A5-4376-A066-2A32D752A2FF}</UniqueIdentifier>
      <Extensions>cpp;c;cc;cxx;def;odl;idl;hpj;bat;asm;asmx</Extensions>
    </Filter>
    <Filter Include="Header Files">
      <UniqueIdentifier>{93995380-89BD-4b04-88EB-625FBE52EBFB}</UniqueIdentifier>
      <Extensions>h;hh;hpp;hxx;hm;inl;inc;xsd</Extensions>
    </Filter>
    <Filter Include="Resource Files">
      <UniqueIdentifier>{67DA6AB6-F800-4c08-8B7A-83BB121AAD01}</UniqueIdentifier>
      <Extensions>rc;ico;cur;bmp;dlg;rc2;rct;bin;rgs;gif;jpg;jpeg;jpe;resx;tiff;tif;png;wav;mfcribbon-ms</Extensions>
    </Filter>
    <Filter Include="Form Files">
      <UniqueIdentifier>{99349809-55BA-4b9d-BF79-8FDBB0286EB3}</UniqueIdentifier>
      <Extensions>ui</Extensions>
    </Filter>
    <Filter Include="Resource Files">
      <UniqueIdentifier>{D9D6E242-F8AF-46E4-B9FD-80ECBC20BA3E}</UniqueIdentifier>
      <Extensions>qrc;*</Extensions>
      <ParseFiles>false</ParseFiles>
    </Filter>
  </ItemGroup>
  <ItemGroup>
    <QtRcc Include="TestQT1.qrc">
      <Filter>Resource Files</Filter>
    </QtRcc>
    <QtUic Include="TestQT1.ui">
      <Filter>Resource Files</Filter>
    </QtUic>
    <QtMoc Include="TestQT1.h">
      <Filter>Header Files</Filter>
    </QtMoc>
    <ClCompile Include="TestQT1.cpp">
      <Filter>Source Files</Filter>
    </ClCompile>
  </ItemGroup>
  <ItemGroup>
    <ClCompile Include="main.cpp">
      <Filter>Source Files</Filter>
    </ClCompile>
    <ClCompile Include="Program\Widget\types\characteristic\WidgetAspectRatio.cpp">
      <Filter>Source Files</Filter>
    </ClCompile>
    <ClCompile Include="Program\Widget\types\characteristic\WidgetCountCircles.cpp">
      <Filter>Source Files</Filter>
    </ClCompile>
    <ClCompile Include="Program\Widget\types\characteristic\WidgetCountHoles.cpp">
      <Filter>Source Files</Filter>
    </ClCompile>
    <ClCompile Include="Program\Widget\types\characteristic\WidgetHist.cpp">
      <Filter>Source Files</Filter>
    </ClCompile>
    <ClCompile Include="Program\Widget\types\conversions\WidgetConversion.cpp">
      <Filter>Source Files</Filter>
    </ClCompile>
    <ClCompile Include="Program\Widget\types\conversions\WidgetToGray.cpp">
      <Filter>Source Files</Filter>
    </ClCompile>
    <ClCompile Include="Program\Widget\ItemWidget.cpp">
      <Filter>Source Files</Filter>
    </ClCompile>
    <ClCompile Include="Program\Pipelines\Pipeline.cpp">
      <Filter>Source Files</Filter>
    </ClCompile>
    <ClCompile Include="Program\Pipelines\Types\CharacteristicPipeline.cpp">
      <Filter>Source Files</Filter>
    </ClCompile>
    <ClCompile Include="Program\Pipelines\Types\SegmentationPipeline.cpp">
      <Filter>Source Files</Filter>
    </ClCompile>
    <ClCompile Include="Program\Program.cpp">
      <Filter>Source Files</Filter>
    </ClCompile>
    <ClCompile Include="Program\Pipelines\Types\OutPipeline.cpp">
      <Filter>Source Files</Filter>
    </ClCompile>
    <ClCompile Include="Utils.cpp">
      <Filter>Source Files</Filter>
    </ClCompile>
    <ClCompile Include="Program\Widget\types\Item\WidgetChannel.cpp">
      <Filter>Source Files</Filter>
    </ClCompile>
    <ClCompile Include="Program\Widget\types\Item\WidgetConnected.cpp">
      <Filter>Source Files</Filter>
    </ClCompile>
    <ClCompile Include="Program\Widget\types\Item\WidgetDrawRects.cpp">
      <Filter>Source Files</Filter>
    </ClCompile>
    <ClCompile Include="Program\Widget\types\Item\WidgetFilter.cpp">
      <Filter>Source Files</Filter>
    </ClCompile>
    <ClCompile Include="Program\Widget\types\Item\WidgetInversor.cpp">
      <Filter>Source Files</Filter>
    </ClCompile>
    <ClCompile Include="Program\Widget\types\Item\WidgetMask.cpp">
      <Filter>Source Files</Filter>
    </ClCompile>
    <ClCompile Include="Program\Widget\types\Item\WidgetOtsu.cpp">
      <Filter>Source Files</Filter>
    </ClCompile>
    <ClCompile Include="Program\Widget\types\Item\WidgetThreshold.cpp">
      <Filter>Source Files</Filter>
    </ClCompile>
    <ClCompile Include="Program\Widget\types\Item\WidgetErode.cpp">
      <Filter>Source Files</Filter>
    </ClCompile>
    <ClCompile Include="Program\Widget\types\Item\WidgetDilate.cpp">
      <Filter>Source Files</Filter>
    </ClCompile>
    <ClCompile Include="Program\Widget\types\Item\WidgetMeanFilter.cpp">
      <Filter>Source Files</Filter>
    </ClCompile>
    <ClCompile Include="Program\Widget\types\Item\WidgetSobel.cpp">
      <Filter>Source Files</Filter>
    </ClCompile>
    <ClCompile Include="Program\Widget\types\Item\WidgetArea.cpp">
      <Filter>Source Files</Filter>
    </ClCompile>
    <ClCompile Include="Program\Widget\types\Item\WidgetDetectRects.cpp">
      <Filter>Source Files</Filter>
    </ClCompile>
    <ClCompile Include="Program\Widget\types\Item\WidgetCanny.cpp">
      <Filter>Source Files</Filter>
    </ClCompile>
  </ItemGroup>
  <ItemGroup>
    <QtMoc Include="Program\Widget\types\characteristic\WidgetAspectRatio.h">
      <Filter>Header Files</Filter>
    </QtMoc>
    <QtMoc Include="Program\Widget\types\characteristic\WidgetCountCircles.h">
      <Filter>Header Files</Filter>
    </QtMoc>
    <QtMoc Include="Program\Widget\types\characteristic\WidgetCountHoles.h">
      <Filter>Header Files</Filter>
    </QtMoc>
    <QtMoc Include="Program\Widget\types\characteristic\WidgetHist.h">
      <Filter>Header Files</Filter>
    </QtMoc>
    <QtMoc Include="Program\Widget\types\conversions\WidgetConversion.h">
      <Filter>Header Files</Filter>
    </QtMoc>
    <QtMoc Include="Program\Widget\types\conversions\WidgetToGray.h">
      <Filter>Header Files</Filter>
    </QtMoc>
    <QtMoc Include="Program\Widget\ItemWidget.h">
      <Filter>Header Files</Filter>
    </QtMoc>
    <QtMoc Include="Program\Pipelines\Pipeline.h">
      <Filter>Header Files</Filter>
    </QtMoc>
    <QtMoc Include="Program\Widget\types\Item\WidgetChannel.h">
      <Filter>Header Files</Filter>
    </QtMoc>
    <QtMoc Include="Program\Widget\types\Item\WidgetConnected.h">
      <Filter>Header Files</Filter>
    </QtMoc>
    <QtMoc Include="Program\Widget\types\Item\WidgetDrawRects.h">
      <Filter>Header Files</Filter>
    </QtMoc>
    <QtMoc Include="Program\Widget\types\Item\WidgetFilter.h">
      <Filter>Header Files</Filter>
    </QtMoc>
    <QtMoc Include="Program\Widget\types\Item\WidgetInversor.h">
      <Filter>Header Files</Filter>
    </QtMoc>
    <QtMoc Include="Program\Widget\types\Item\WidgetMask.h">
      <Filter>Header Files</Filter>
    </QtMoc>
    <QtMoc Include="Program\Widget\types\Item\WidgetOtsu.h">
      <Filter>Header Files</Filter>
    </QtMoc>
    <QtMoc Include="Program\Widget\types\Item\WidgetThreshold.h">
      <Filter>Header Files</Filter>
    </QtMoc>
    <QtMoc Include="Program\Widget\types\Item\WidgetErode.h">
      <Filter>Header Files</Filter>
    </QtMoc>
    <QtMoc Include="Program\Widget\types\Item\WidgetDilate.h">
      <Filter>Header Files</Filter>
    </QtMoc>
    <QtMoc Include="Program\Widget\types\Item\WidgetMeanFilter.h">
      <Filter>Header Files</Filter>
    </QtMoc>
    <QtMoc Include="Program\Widget\types\Item\WidgetSobel.h">
      <Filter>Header Files</Filter>
    </QtMoc>
    <QtMoc Include="Program\Widget\types\Item\WidgetArea.h">
      <Filter>Header Files</Filter>
    </QtMoc>
    <QtMoc Include="Program\Widget\types\Item\WidgetDetectRects.h">
      <Filter>Header Files</Filter>
    </QtMoc>
    <QtMoc Include="Program\Widget\types\Item\WidgetCanny.h">
      <Filter>Header Files</Filter>
    </QtMoc>
  </ItemGroup>
  <ItemGroup>
    <ClInclude Include="json.hpp">
      <Filter>Header Files</Filter>
    </ClInclude>
    <ClInclude Include="Program\Widget\CharacteristicWidget.h">
      <Filter>Header Files</Filter>
    </ClInclude>
    <ClInclude Include="Program\Pipelines\Types\CharacteristicPipeline.h">
      <Filter>Header Files</Filter>
    </ClInclude>
    <ClInclude Include="Program\Pipelines\Types\SegmentationPipeline.h">
      <Filter>Header Files</Filter>
    </ClInclude>
    <ClInclude Include="Program\Program.h">
      <Filter>Header Files</Filter>
    </ClInclude>
    <ClInclude Include="Program\Pipelines\Types\OutPipeline.h">
      <Filter>Header Files</Filter>
    </ClInclude>
    <ClInclude Include="Utils.h">
      <Filter>Header Files</Filter>
    </ClInclude>
    <ClInclude Include="x64\Debug\uic\ui_TestQT1.h">
      <Filter>Header Files</Filter>
    </ClInclude>
    <ClInclude Include="Program\Widget\MultiWidget.h">
      <Filter>Header Files</Filter>
    </ClInclude>
  </ItemGroup>
  <ItemGroup>
    <Text Include="json\pipelines\holes.json" />
  </ItemGroup>
  <ItemGroup>
    <None Include="json\pipelines\segmentation.json" />
    <None Include="json\pipelines\aspectRatio.json" />
    <None Include="json\pipelines\circles.json" />
    <None Include="json\pipelines\color.json" />
    <None Include="json\pipelines\out.json" />
    <None Include="json\pipelines\segmentation1.json" />
    <None Include="json\pipelines\segmentation2.json" />
  </ItemGroup>
</Project>